
Microsoft Visual Studio Solution File, Format Version 12.00
# Visual Studio Version 17
VisualStudioVersion = 17.14.36429.23 d17.14
MinimumVisualStudioVersion = 10.0.40219.1
Project("{FAE04EC0-301F-11D3-BF4B-00C04F79EFBC}") = "PracticaCV_AbnerDavidCV", "PracticaCV_AbnerDavidCV\PracticaCV_AbnerDavidCV.csproj", "{B802C42B-523F-4C26-97CF-BCFEE7D99C89}"
EndProject
Global
	GlobalSection(SolutionConfigurationPlatforms) = preSolution
		Debug|Any CPU = Debug|Any CPU
		Release|Any CPU = Release|Any CPU
	EndGlobalSection
	GlobalSection(ProjectConfigurationPlatforms) = postSolution
		{B802C42B-523F-4C26-97CF-BCFEE7D99C89}.Debug|Any CPU.ActiveCfg = Debug|Any CPU
		{B802C42B-523F-4C26-97CF-BCFEE7D99C89}.Debug|Any CPU.Build.0 = Debug|Any CPU
		{B802C42B-523F-4C26-97CF-BCFEE7D99C89}.Release|Any CPU.ActiveCfg = Release|Any CPU
		{B802C42B-523F-4C26-97CF-BCFEE7D99C89}.Release|Any CPU.Build.0 = Release|Any CPU
	EndGlobalSection
	GlobalSection(SolutionProperties) = preSolution
		HideSolutionNode = FALSE
	EndGlobalSection
	GlobalSection(ExtensibilityGlobals) = postSolution
		SolutionGuid = {A8ABC91E-791B-4FBC-A104-656666FE169A}
	EndGlobalSection
EndGlobal
